
Microsoft Visual Studio Solution File, Format Version 12.00
# Visual Studio Version 17
VisualStudioVersion = 17.0.31903.59
MinimumVisualStudioVersion = 10.0.40219.1
Project("{2150E333-8FDC-42A3-9474-1A3956D46DE8}") = "src", "src", "{887DA26E-1535-4E9D-9E44-D62FFBDB27EC}"
EndProject
Project("{FAE04EC0-301F-11D3-BF4B-00C04F79EFBC}") = "Rcp.Core", "src\Rcp.Core\Rcp.Core.csproj", "{B2372E7B-2FDA-4D99-8C4F-04FAD3CE8E37}"
EndProject
Project("{FAE04EC0-301F-11D3-BF4B-00C04F79EFBC}") = "Rcp.App", "src\Rcp.App\Rcp.App.csproj", "{6EAAA4C5-606F-485F-9BDB-BB00477F0256}"
EndProject
Project("{2150E333-8FDC-42A3-9474-1A3956D46DE8}") = "tests", "tests", "{8528B9A2-86A7-4910-A7F3-17318BB83280}"
EndProject
Project("{FAE04EC0-301F-11D3-BF4B-00C04F79EFBC}") = "Rcp.Tests", "tests\Rcp.Tests\Rcp.Tests.csproj", "{F7F70DCE-8D7C-4AB6-9F87-3834D9EDBB5A}"
EndProject
Global
	GlobalSection(SolutionConfigurationPlatforms) = preSolution
		Debug|Any CPU = Debug|Any CPU
		Release|Any CPU = Release|Any CPU
	EndGlobalSection
	GlobalSection(SolutionProperties) = preSolution
		HideSolutionNode = FALSE
	EndGlobalSection
	GlobalSection(ProjectConfigurationPlatforms) = postSolution
		{B2372E7B-2FDA-4D99-8C4F-04FAD3CE8E37}.Debug|Any CPU.ActiveCfg = Debug|Any CPU
		{B2372E7B-2FDA-4D99-8C4F-04FAD3CE8E37}.Debug|Any CPU.Build.0 = Debug|Any CPU
		{B2372E7B-2FDA-4D99-8C4F-04FAD3CE8E37}.Release|Any CPU.ActiveCfg = Release|Any CPU
		{B2372E7B-2FDA-4D99-8C4F-04FAD3CE8E37}.Release|Any CPU.Build.0 = Release|Any CPU
		{6EAAA4C5-606F-485F-9BDB-BB00477F0256}.Debug|Any CPU.ActiveCfg = Debug|Any CPU
		{6EAAA4C5-606F-485F-9BDB-BB00477F0256}.Debug|Any CPU.Build.0 = Debug|Any CPU
		{6EAAA4C5-606F-485F-9BDB-BB00477F0256}.Release|Any CPU.ActiveCfg = Release|Any CPU
		{6EAAA4C5-606F-485F-9BDB-BB00477F0256}.Release|Any CPU.Build.0 = Release|Any CPU
		{F7F70DCE-8D7C-4AB6-9F87-3834D9EDBB5A}.Debug|Any CPU.ActiveCfg = Debug|Any CPU
		{F7F70DCE-8D7C-4AB6-9F87-3834D9EDBB5A}.Debug|Any CPU.Build.0 = Debug|Any CPU
		{F7F70DCE-8D7C-4AB6-9F87-3834D9EDBB5A}.Release|Any CPU.ActiveCfg = Release|Any CPU
		{F7F70DCE-8D7C-4AB6-9F87-3834D9EDBB5A}.Release|Any CPU.Build.0 = Release|Any CPU
	EndGlobalSection
	GlobalSection(NestedProjects) = preSolution
		{B2372E7B-2FDA-4D99-8C4F-04FAD3CE8E37} = {887DA26E-1535-4E9D-9E44-D62FFBDB27EC}
		{6EAAA4C5-606F-485F-9BDB-BB00477F0256} = {887DA26E-1535-4E9D-9E44-D62FFBDB27EC}
		{F7F70DCE-8D7C-4AB6-9F87-3834D9EDBB5A} = {8528B9A2-86A7-4910-A7F3-17318BB83280}
	EndGlobalSection
EndGlobal
